
Microsoft Visual Studio Solution File, Format Version 12.00
# Visual Studio Version 16
VisualStudioVersion = 16.0.30204.135
MinimumVisualStudioVersion = 10.0.40219.1
Project("{9A19103F-16F7-4668-BE54-9A1E7A4F7556}") = "ShopAPI3.1", "ShopAPI3.1.csproj", "{DA20AB35-84AD-4BC4-BC97-D7DB90C77E75}"
EndProject
Global
	GlobalSection(SolutionConfigurationPlatforms) = preSolution
		Debug|Any CPU = Debug|Any CPU
		Release|Any CPU = Release|Any CPU
	EndGlobalSection
	GlobalSection(ProjectConfigurationPlatforms) = postSolution
		{DA20AB35-84AD-4BC4-BC97-D7DB90C77E75}.Debug|Any CPU.ActiveCfg = Debug|Any CPU
		{DA20AB35-84AD-4BC4-BC97-D7DB90C77E75}.Debug|Any CPU.Build.0 = Debug|Any CPU
		{DA20AB35-84AD-4BC4-BC97-D7DB90C77E75}.Release|Any CPU.ActiveCfg = Release|Any CPU
		{DA20AB35-84AD-4BC4-BC97-D7DB90C77E75}.Release|Any CPU.Build.0 = Release|Any CPU
	EndGlobalSection
	GlobalSection(SolutionProperties) = preSolution
		HideSolutionNode = FALSE
	EndGlobalSection
	GlobalSection(ExtensibilityGlobals) = postSolution
		SolutionGuid = {0C00C241-DDCB-4FDC-AEE0-144C5FC848CA}
	EndGlobalSection
EndGlobal
